github.com/FunctionSir/readini v0.3.1 h1:5GtZyPxq303idGqxTkU7GZhMC1ZCmh81T4B1Zxr3BrE=
github.com/FunctionSir/readini v0.3.1/go.mod h1:2gKP2NEX3eA8mwrq8xBDDDsyGGAeLhBKaWA9OsUY/P0=
github.com/coder/websocket v1.8.14 h1:9L0p0iKiNOibykf283eHkKUHHrpG7f65OE3BhhO7v9g=
github.com/coder/websocket v1.8.14/go.mod h1:NX3SzP+inril6yawo5CQXx8+fk145lPDC6pumgx0mVg=
